// !$*UTF8*$!
{
	archiveVersion = 1;
	classes = {
	};
	objectVersion = 56;
	objects = {

/* Begin PBXBuildFile section */
		6001EFD12A13600500A9A2EF /* LoginView.swift in Sources */ = {isa = PBXBuildFile; fileRef = 6001EFD02A13600500A9A2EF /* LoginView.swift */; };
		6001EFD72A13668B00A9A2EF /* SetNickNameView.swift in Sources */ = {isa = PBXBuildFile; fileRef = 6001EFD62A13668B00A9A2EF /* SetNickNameView.swift */; };
		6001EFD92A13669300A9A2EF /* SetProfileImageView.swift in Sources */ = {isa = PBXBuildFile; fileRef = 6001EFD82A13669300A9A2EF /* SetProfileImageView.swift */; };
		6001EFDB2A1366BE00A9A2EF /* SignUpCompletedView.swift in Sources */ = {isa = PBXBuildFile; fileRef = 6001EFDA2A1366BE00A9A2EF /* SignUpCompletedView.swift */; };
		6001EFE82A13910B00A9A2EF /* LoginViewModel.swift in Sources */ = {isa = PBXBuildFile; fileRef = 6001EFE72A13910B00A9A2EF /* LoginViewModel.swift */; };
		6001EFE92A13910B00A9A2EF /* LoginViewModel.swift in Sources */ = {isa = PBXBuildFile; fileRef = 6001EFE72A13910B00A9A2EF /* LoginViewModel.swift */; };
		6001EFEA2A13910B00A9A2EF /* LoginViewModel.swift in Sources */ = {isa = PBXBuildFile; fileRef = 6001EFE72A13910B00A9A2EF /* LoginViewModel.swift */; };
		6001EFF22A1391BF00A9A2EF /* GoogleSignIn in Frameworks */ = {isa = PBXBuildFile; productRef = 6001EFF12A1391BF00A9A2EF /* GoogleSignIn */; };
		6001EFF42A1391BF00A9A2EF /* GoogleSignInSwift in Frameworks */ = {isa = PBXBuildFile; productRef = 6001EFF32A1391BF00A9A2EF /* GoogleSignInSwift */; };
		601A6D532A1F71160066D5CD /* Debounce+View+Extension.swift in Sources */ = {isa = PBXBuildFile; fileRef = 601A6D522A1F71160066D5CD /* Debounce+View+Extension.swift */; };
		601A6D572A1F74720066D5CD /* Constants.swift in Sources */ = {isa = PBXBuildFile; fileRef = 601A6D562A1F74720066D5CD /* Constants.swift */; };
		60405D5C2A2EF5BB0053BEC9 /* LaunchScreen.swift in Sources */ = {isa = PBXBuildFile; fileRef = 60405D5B2A2EF5BB0053BEC9 /* LaunchScreen.swift */; };
		60558D062A14BA2C007581AD /* MyPageView.swift in Sources */ = {isa = PBXBuildFile; fileRef = 60558D052A14BA2C007581AD /* MyPageView.swift */; };
		606782F62A14D50F00BF1E12 /* UserModel.swift in Sources */ = {isa = PBXBuildFile; fileRef = 606782F52A14D50F00BF1E12 /* UserModel.swift */; };
		606782F72A14D50F00BF1E12 /* UserModel.swift in Sources */ = {isa = PBXBuildFile; fileRef = 606782F52A14D50F00BF1E12 /* UserModel.swift */; };
		606782F82A14D50F00BF1E12 /* UserModel.swift in Sources */ = {isa = PBXBuildFile; fileRef = 606782F52A14D50F00BF1E12 /* UserModel.swift */; };
		6074FE322A272E3E0020FBF2 /* View+Extensions.swift in Sources */ = {isa = PBXBuildFile; fileRef = 6074FE312A272E3E0020FBF2 /* View+Extensions.swift */; };
		6074FE342A27AC090020FBF2 /* PhotoPicker.swift in Sources */ = {isa = PBXBuildFile; fileRef = 6074FE332A27AC090020FBF2 /* PhotoPicker.swift */; };
		6093F7472A381904004F9D53 /* GIFView.swift in Sources */ = {isa = PBXBuildFile; fileRef = 6093F7462A381904004F9D53 /* GIFView.swift */; };
		6093F7492A38190A004F9D53 /* welcome.gif in Resources */ = {isa = PBXBuildFile; fileRef = 6093F7482A38190A004F9D53 /* welcome.gif */; };
		6093F74C2A381999004F9D53 /* FLAnimatedImage in Frameworks */ = {isa = PBXBuildFile; productRef = 6093F74B2A381999004F9D53 /* FLAnimatedImage */; };
		609D05382A12AE3D0092A8E2 /* Preview Assets.xcassets in Resources */ = {isa = PBXBuildFile; fileRef = 609D05372A12AE3D0092A8E2 /* Preview Assets.xcassets */; };
		609D05422A12AE3D0092A8E2 /* PoorGuysTests.swift in Sources */ = {isa = PBXBuildFile; fileRef = 609D05412A12AE3D0092A8E2 /* PoorGuysTests.swift */; };
		609D054C2A12AE3D0092A8E2 /* PoorGuysUITests.swift in Sources */ = {isa = PBXBuildFile; fileRef = 609D054B2A12AE3D0092A8E2 /* PoorGuysUITests.swift */; };
		609D054E2A12AE3D0092A8E2 /* PoorGuysUITestsLaunchTests.swift in Sources */ = {isa = PBXBuildFile; fileRef = 609D054D2A12AE3D0092A8E2 /* PoorGuysUITestsLaunchTests.swift */; };
		609D055C2A12B04B0092A8E2 /* FirebaseAnalytics in Frameworks */ = {isa = PBXBuildFile; productRef = 609D055B2A12B04B0092A8E2 /* FirebaseAnalytics */; };
		609D055E2A12B04B0092A8E2 /* FirebaseAnalyticsSwift in Frameworks */ = {isa = PBXBuildFile; productRef = 609D055D2A12B04B0092A8E2 /* FirebaseAnalyticsSwift */; };
		609D05602A12B04B0092A8E2 /* FirebaseAuth in Frameworks */ = {isa = PBXBuildFile; productRef = 609D055F2A12B04B0092A8E2 /* FirebaseAuth */; };
		609D05622A12B04B0092A8E2 /* FirebaseAuthCombine-Community in Frameworks */ = {isa = PBXBuildFile; productRef = 609D05612A12B04B0092A8E2 /* FirebaseAuthCombine-Community */; };
		609D05642A12B04B0092A8E2 /* FirebaseCrashlytics in Frameworks */ = {isa = PBXBuildFile; productRef = 609D05632A12B04B0092A8E2 /* FirebaseCrashlytics */; };
		609D05662A12B04B0092A8E2 /* FirebaseFirestore in Frameworks */ = {isa = PBXBuildFile; productRef = 609D05652A12B04B0092A8E2 /* FirebaseFirestore */; };
		609D05682A12B04B0092A8E2 /* FirebaseFirestoreCombine-Community in Frameworks */ = {isa = PBXBuildFile; productRef = 609D05672A12B04B0092A8E2 /* FirebaseFirestoreCombine-Community */; };
		609D056A2A12B04B0092A8E2 /* FirebaseFirestoreSwift in Frameworks */ = {isa = PBXBuildFile; productRef = 609D05692A12B04B0092A8E2 /* FirebaseFirestoreSwift */; };
		609D056C2A12B04B0092A8E2 /* FirebaseStorage in Frameworks */ = {isa = PBXBuildFile; productRef = 609D056B2A12B04B0092A8E2 /* FirebaseStorage */; };
		609D056E2A12B04B0092A8E2 /* FirebaseStorageCombine-Community in Frameworks */ = {isa = PBXBuildFile; productRef = 609D056D2A12B04B0092A8E2 /* FirebaseStorageCombine-Community */; };
		60A8E0982A3909D30026DA04 /* EditProfileView.swift in Sources */ = {isa = PBXBuildFile; fileRef = 60A8E0972A3909D30026DA04 /* EditProfileView.swift */; };
		60A8E09B2A39D0E00026DA04 /* CustomTabBarView.swift in Sources */ = {isa = PBXBuildFile; fileRef = 60A8E09A2A39D0E00026DA04 /* CustomTabBarView.swift */; };
		60A8E09D2A39DA5E0026DA04 /* CustomTabBarContainerView.swift in Sources */ = {isa = PBXBuildFile; fileRef = 60A8E09C2A39DA5E0026DA04 /* CustomTabBarContainerView.swift */; };
		60A8E09F2A3AABAF0026DA04 /* TabBarView.swift in Sources */ = {isa = PBXBuildFile; fileRef = 60A8E09E2A3AABAF0026DA04 /* TabBarView.swift */; };
		60A8E0A12A3AE1650026DA04 /* UIDevice+Extensions.swift in Sources */ = {isa = PBXBuildFile; fileRef = 60A8E0A02A3AE1650026DA04 /* UIDevice+Extensions.swift */; };
		60E12A6F2A38510B008AFCEF /* GoogleService-Info.plist in Resources */ = {isa = PBXBuildFile; fileRef = 60E12A6E2A38510B008AFCEF /* GoogleService-Info.plist */; };
		D3015FC12A24E06000F102D7 /* PostFillingView.swift in Sources */ = {isa = PBXBuildFile; fileRef = D3015FC02A24E06000F102D7 /* PostFillingView.swift */; };
		D3015FC32A24EEAE00F102D7 /* PostFillingCenterView.swift in Sources */ = {isa = PBXBuildFile; fileRef = D3015FC22A24EEAE00F102D7 /* PostFillingCenterView.swift */; };
		D32363BD2A2C73D200857135 /* Kingfisher in Frameworks */ = {isa = PBXBuildFile; productRef = D32363BC2A2C73D200857135 /* Kingfisher */; };
		D32363BF2A2C758800857135 /* ImageDownloadManager.swift in Sources */ = {isa = PBXBuildFile; fileRef = D32363BE2A2C758800857135 /* ImageDownloadManager.swift */; };
		D34868B12A1E49ED0035FB2A /* PostDetailView.swift in Sources */ = {isa = PBXBuildFile; fileRef = D34868B02A1E49ED0035FB2A /* PostDetailView.swift */; };
		D34868B22A1E49ED0035FB2A /* PostDetailView.swift in Sources */ = {isa = PBXBuildFile; fileRef = D34868B02A1E49ED0035FB2A /* PostDetailView.swift */; };
		D34868B32A1E49ED0035FB2A /* PostDetailView.swift in Sources */ = {isa = PBXBuildFile; fileRef = D34868B02A1E49ED0035FB2A /* PostDetailView.swift */; };
		D37956C02A41A16C00E7724F /* SecretConstants.swift in Sources */ = {isa = PBXBuildFile; fileRef = D37956BF2A41A16C00E7724F /* SecretConstants.swift */; };
		D39A57AB2A41A67C0033DAD5 /* PoorGuysApp.swift in Sources */ = {isa = PBXBuildFile; fileRef = D39A57A92A41A67C0033DAD5 /* PoorGuysApp.swift */; };
		D39A57AC2A41A67C0033DAD5 /* MainView.swift in Sources */ = {isa = PBXBuildFile; fileRef = D39A57AA2A41A67C0033DAD5 /* MainView.swift */; };
		D39A57AE2A41A6920033DAD5 /* Assets.xcassets in Resources */ = {isa = PBXBuildFile; fileRef = D39A57AD2A41A6920033DAD5 /* Assets.xcassets */; };
		D39AAE352A18F17D003F9A85 /* Post.swift in Sources */ = {isa = PBXBuildFile; fileRef = D39AAE342A18F17D003F9A85 /* Post.swift */; };
		D39AAE362A18F17D003F9A85 /* Post.swift in Sources */ = {isa = PBXBuildFile; fileRef = D39AAE342A18F17D003F9A85 /* Post.swift */; };
		D39AAE372A18F17D003F9A85 /* Post.swift in Sources */ = {isa = PBXBuildFile; fileRef = D39AAE342A18F17D003F9A85 /* Post.swift */; };
		D39AAE392A18F25C003F9A85 /* Comment.swift in Sources */ = {isa = PBXBuildFile; fileRef = D39AAE382A18F25C003F9A85 /* Comment.swift */; };
		D39AAE3A2A18F25C003F9A85 /* Comment.swift in Sources */ = {isa = PBXBuildFile; fileRef = D39AAE382A18F25C003F9A85 /* Comment.swift */; };
		D39AAE3B2A18F25C003F9A85 /* Comment.swift in Sources */ = {isa = PBXBuildFile; fileRef = D39AAE382A18F25C003F9A85 /* Comment.swift */; };
		D39AAE3D2A18F29F003F9A85 /* Reply.swift in Sources */ = {isa = PBXBuildFile; fileRef = D39AAE3C2A18F29F003F9A85 /* Reply.swift */; };
		D39AAE3E2A18F29F003F9A85 /* Reply.swift in Sources */ = {isa = PBXBuildFile; fileRef = D39AAE3C2A18F29F003F9A85 /* Reply.swift */; };
		D39AAE3F2A18F29F003F9A85 /* Reply.swift in Sources */ = {isa = PBXBuildFile; fileRef = D39AAE3C2A18F29F003F9A85 /* Reply.swift */; };
		D39AAE412A18F746003F9A85 /* PostManagable.swift in Sources */ = {isa = PBXBuildFile; fileRef = D39AAE402A18F746003F9A85 /* PostManagable.swift */; };
		D39AAE422A18F746003F9A85 /* PostManagable.swift in Sources */ = {isa = PBXBuildFile; fileRef = D39AAE402A18F746003F9A85 /* PostManagable.swift */; };
		D39AAE432A18F746003F9A85 /* PostManagable.swift in Sources */ = {isa = PBXBuildFile; fileRef = D39AAE402A18F746003F9A85 /* PostManagable.swift */; };
		D39AAE452A19F7D5003F9A85 /* PostManager.swift in Sources */ = {isa = PBXBuildFile; fileRef = D39AAE442A19F7D5003F9A85 /* PostManager.swift */; };
		D39AAE462A19F7D5003F9A85 /* PostManager.swift in Sources */ = {isa = PBXBuildFile; fileRef = D39AAE442A19F7D5003F9A85 /* PostManager.swift */; };
		D39AAE472A19F7D5003F9A85 /* PostManager.swift in Sources */ = {isa = PBXBuildFile; fileRef = D39AAE442A19F7D5003F9A85 /* PostManager.swift */; };
		D3AA15072A209DE60091DC61 /* DateFormatter.swift in Sources */ = {isa = PBXBuildFile; fileRef = D3AA15062A209DE60091DC61 /* DateFormatter.swift */; };
		D3AA15092A20AD040091DC61 /* Shape+Extensions.swift in Sources */ = {isa = PBXBuildFile; fileRef = D3AA15082A20AD040091DC61 /* Shape+Extensions.swift */; };
		D3AA15122A21F3570091DC61 /* LoremSwiftum in Frameworks */ = {isa = PBXBuildFile; productRef = D3AA15112A21F3570091DC61 /* LoremSwiftum */; };
		D3AA15142A21F46C0091DC61 /* String+Extensions.swift in Sources */ = {isa = PBXBuildFile; fileRef = D3AA15132A21F46C0091DC61 /* String+Extensions.swift */; };
		D3AA15182A2253D40091DC61 /* CommentView.swift in Sources */ = {isa = PBXBuildFile; fileRef = D3AA15172A2253D40091DC61 /* CommentView.swift */; };
		D3AA151A2A22600A0091DC61 /* ReplyView.swift in Sources */ = {isa = PBXBuildFile; fileRef = D3AA15192A22600A0091DC61 /* ReplyView.swift */; };
		D3AA151C2A2369F90091DC61 /* PostDetailLowerView.swift in Sources */ = {isa = PBXBuildFile; fileRef = D3AA151B2A2369F90091DC61 /* PostDetailLowerView.swift */; };
		D3AA151E2A23B2740091DC61 /* Notification.swift in Sources */ = {isa = PBXBuildFile; fileRef = D3AA151D2A23B2740091DC61 /* Notification.swift */; };
		D3AA15202A23B2D30091DC61 /* TextEditorView.swift in Sources */ = {isa = PBXBuildFile; fileRef = D3AA151F2A23B2D30091DC61 /* TextEditorView.swift */; };
		D3BA03472A38D3B600C99DF9 /* FirebaseError.swift in Sources */ = {isa = PBXBuildFile; fileRef = D3BA03462A38D3B600C99DF9 /* FirebaseError.swift */; };
		D3BA03482A38D3B600C99DF9 /* FirebaseError.swift in Sources */ = {isa = PBXBuildFile; fileRef = D3BA03462A38D3B600C99DF9 /* FirebaseError.swift */; };
		D3BA03492A38D3B600C99DF9 /* FirebaseError.swift in Sources */ = {isa = PBXBuildFile; fileRef = D3BA03462A38D3B600C99DF9 /* FirebaseError.swift */; };
		D3D310782A13D4D900085887 /* CommunityView.swift in Sources */ = {isa = PBXBuildFile; fileRef = D3D310772A13D4D900085887 /* CommunityView.swift */; };
		D3D3107A2A13D4EE00085887 /* PostView.swift in Sources */ = {isa = PBXBuildFile; fileRef = D3D310792A13D4EE00085887 /* PostView.swift */; };
		D3E046732A2B23D200AF21BE /* ImagePickerView.swift in Sources */ = {isa = PBXBuildFile; fileRef = D3E046722A2B23D200AF21BE /* ImagePickerView.swift */; };
		D3F8B5BC2A1F6D9000A4D440 /* AppColor.swift in Sources */ = {isa = PBXBuildFile; fileRef = D3F8B5BB2A1F6D9000A4D440 /* AppColor.swift */; };
		D3F8B5C02A1FBD2C00A4D440 /* BackButton.swift in Sources */ = {isa = PBXBuildFile; fileRef = D3F8B5BF2A1FBD2C00A4D440 /* BackButton.swift */; };
		D3F8B5C22A1FCED100A4D440 /* PostDetailUpperView.swift in Sources */ = {isa = PBXBuildFile; fileRef = D3F8B5C12A1FCED100A4D440 /* PostDetailUpperView.swift */; };
/* End PBXBuildFile section */

/* Begin PBXContainerItemProxy section */
		609D053E2A12AE3D0092A8E2 /* PBXContainerItemProxy */ = {
			isa = PBXContainerItemProxy;
			containerPortal = 609D05252A12AE3C0092A8E2 /* Project object */;
			proxyType = 1;
			remoteGlobalIDString = 609D052C2A12AE3C0092A8E2;
			remoteInfo = PoorGuys;
		};
		609D05482A12AE3D0092A8E2 /* PBXContainerItemProxy */ = {
			isa = PBXContainerItemProxy;
			containerPortal = 609D05252A12AE3C0092A8E2 /* Project object */;
			proxyType = 1;
			remoteGlobalIDString = 609D052C2A12AE3C0092A8E2;
			remoteInfo = PoorGuys;
		};
/* End PBXContainerItemProxy section */

/* Begin PBXFileReference section */
		6001EFD02A13600500A9A2EF /* LoginView.swift */ = {isa = PBXFileReference; lastKnownFileType = sourcecode.swift; path = LoginView.swift; sourceTree = "<group>"; };
		6001EFD62A13668B00A9A2EF /* SetNickNameView.swift */ = {isa = PBXFileReference; lastKnownFileType = sourcecode.swift; path = SetNickNameView.swift; sourceTree = "<group>"; };
		6001EFD82A13669300A9A2EF /* SetProfileImageView.swift */ = {isa = PBXFileReference; lastKnownFileType = sourcecode.swift; path = SetProfileImageView.swift; sourceTree = "<group>"; };
		6001EFDA2A1366BE00A9A2EF /* SignUpCompletedView.swift */ = {isa = PBXFileReference; lastKnownFileType = sourcecode.swift; path = SignUpCompletedView.swift; sourceTree = "<group>"; };
		6001EFE72A13910B00A9A2EF /* LoginViewModel.swift */ = {isa = PBXFileReference; lastKnownFileType = sourcecode.swift; path = LoginViewModel.swift; sourceTree = "<group>"; };
		6001EFF52A1488E100A9A2EF /* Info.plist */ = {isa = PBXFileReference; lastKnownFileType = text.plist; path = Info.plist; sourceTree = "<group>"; };
		601A6D522A1F71160066D5CD /* Debounce+View+Extension.swift */ = {isa = PBXFileReference; lastKnownFileType = sourcecode.swift; path = "Debounce+View+Extension.swift"; sourceTree = "<group>"; };
		601A6D562A1F74720066D5CD /* Constants.swift */ = {isa = PBXFileReference; lastKnownFileType = sourcecode.swift; path = Constants.swift; sourceTree = "<group>"; };
		60405D5B2A2EF5BB0053BEC9 /* LaunchScreen.swift */ = {isa = PBXFileReference; lastKnownFileType = sourcecode.swift; path = LaunchScreen.swift; sourceTree = "<group>"; };
		60558D052A14BA2C007581AD /* MyPageView.swift */ = {isa = PBXFileReference; lastKnownFileType = sourcecode.swift; path = MyPageView.swift; sourceTree = "<group>"; };
		606782F52A14D50F00BF1E12 /* UserModel.swift */ = {isa = PBXFileReference; lastKnownFileType = sourcecode.swift; path = UserModel.swift; sourceTree = "<group>"; };
		6074FE312A272E3E0020FBF2 /* View+Extensions.swift */ = {isa = PBXFileReference; lastKnownFileType = sourcecode.swift; path = "View+Extensions.swift"; sourceTree = "<group>"; };
		6074FE332A27AC090020FBF2 /* PhotoPicker.swift */ = {isa = PBXFileReference; lastKnownFileType = sourcecode.swift; path = PhotoPicker.swift; sourceTree = "<group>"; };
		6093F7462A381904004F9D53 /* GIFView.swift */ = {isa = PBXFileReference; fileEncoding = 4; lastKnownFileType = sourcecode.swift; path = GIFView.swift; sourceTree = "<group>"; };
		6093F7482A38190A004F9D53 /* welcome.gif */ = {isa = PBXFileReference; lastKnownFileType = image.gif; path = welcome.gif; sourceTree = "<group>"; };
		609D052D2A12AE3C0092A8E2 /* PoorGuys.app */ = {isa = PBXFileReference; explicitFileType = wrapper.application; includeInIndex = 0; path = PoorGuys.app; sourceTree = BUILT_PRODUCTS_DIR; };
		609D05372A12AE3D0092A8E2 /* Preview Assets.xcassets */ = {isa = PBXFileReference; lastKnownFileType = folder.assetcatalog; path = "Preview Assets.xcassets"; sourceTree = "<group>"; };
		609D053D2A12AE3D0092A8E2 /* PoorGuysTests.xctest */ = {isa = PBXFileReference; explicitFileType = wrapper.cfbundle; includeInIndex = 0; path = PoorGuysTests.xctest; sourceTree = BUILT_PRODUCTS_DIR; };
		609D05412A12AE3D0092A8E2 /* PoorGuysTests.swift */ = {isa = PBXFileReference; lastKnownFileType = sourcecode.swift; path = PoorGuysTests.swift; sourceTree = "<group>"; };
		609D05472A12AE3D0092A8E2 /* PoorGuysUITests.xctest */ = {isa = PBXFileReference; explicitFileType = wrapper.cfbundle; includeInIndex = 0; path = PoorGuysUITests.xctest; sourceTree = BUILT_PRODUCTS_DIR; };
		609D054B2A12AE3D0092A8E2 /* PoorGuysUITests.swift */ = {isa = PBXFileReference; lastKnownFileType = sourcecode.swift; path = PoorGuysUITests.swift; sourceTree = "<group>"; };
		609D054D2A12AE3D0092A8E2 /* PoorGuysUITestsLaunchTests.swift */ = {isa = PBXFileReference; lastKnownFileType = sourcecode.swift; path = PoorGuysUITestsLaunchTests.swift; sourceTree = "<group>"; };
		60A8E0972A3909D30026DA04 /* EditProfileView.swift */ = {isa = PBXFileReference; fileEncoding = 4; lastKnownFileType = sourcecode.swift; path = EditProfileView.swift; sourceTree = "<group>"; };
		60A8E09A2A39D0E00026DA04 /* CustomTabBarView.swift */ = {isa = PBXFileReference; lastKnownFileType = sourcecode.swift; path = CustomTabBarView.swift; sourceTree = "<group>"; };
		60A8E09C2A39DA5E0026DA04 /* CustomTabBarContainerView.swift */ = {isa = PBXFileReference; lastKnownFileType = sourcecode.swift; path = CustomTabBarContainerView.swift; sourceTree = "<group>"; };
		60A8E09E2A3AABAF0026DA04 /* TabBarView.swift */ = {isa = PBXFileReference; lastKnownFileType = sourcecode.swift; path = TabBarView.swift; sourceTree = "<group>"; };
		60A8E0A02A3AE1650026DA04 /* UIDevice+Extensions.swift */ = {isa = PBXFileReference; lastKnownFileType = sourcecode.swift; path = "UIDevice+Extensions.swift"; sourceTree = "<group>"; };
		60E12A6E2A38510B008AFCEF /* GoogleService-Info.plist */ = {isa = PBXFileReference; fileEncoding = 4; lastKnownFileType = text.plist.xml; path = "GoogleService-Info.plist"; sourceTree = "<group>"; };
		D3015FC02A24E06000F102D7 /* PostFillingView.swift */ = {isa = PBXFileReference; fileEncoding = 4; lastKnownFileType = sourcecode.swift; path = PostFillingView.swift; sourceTree = "<group>"; };
		D3015FC22A24EEAE00F102D7 /* PostFillingCenterView.swift */ = {isa = PBXFileReference; lastKnownFileType = sourcecode.swift; path = PostFillingCenterView.swift; sourceTree = "<group>"; };
		D32363BE2A2C758800857135 /* ImageDownloadManager.swift */ = {isa = PBXFileReference; lastKnownFileType = sourcecode.swift; path = ImageDownloadManager.swift; sourceTree = "<group>"; };
		D34868B02A1E49ED0035FB2A /* PostDetailView.swift */ = {isa = PBXFileReference; lastKnownFileType = sourcecode.swift; path = PostDetailView.swift; sourceTree = "<group>"; };
		D37956BF2A41A16C00E7724F /* SecretConstants.swift */ = {isa = PBXFileReference; lastKnownFileType = sourcecode.swift; path = SecretConstants.swift; sourceTree = "<group>"; };
		D39A57A92A41A67C0033DAD5 /* PoorGuysApp.swift */ = {isa = PBXFileReference; fileEncoding = 4; lastKnownFileType = sourcecode.swift; path = PoorGuysApp.swift; sourceTree = "<group>"; };
		D39A57AA2A41A67C0033DAD5 /* MainView.swift */ = {isa = PBXFileReference; fileEncoding = 4; lastKnownFileType = sourcecode.swift; path = MainView.swift; sourceTree = "<group>"; };
		D39A57AD2A41A6920033DAD5 /* Assets.xcassets */ = {isa = PBXFileReference; lastKnownFileType = folder.assetcatalog; path = Assets.xcassets; sourceTree = "<group>"; };
		D39AAE342A18F17D003F9A85 /* Post.swift */ = {isa = PBXFileReference; lastKnownFileType = sourcecode.swift; path = Post.swift; sourceTree = "<group>"; };
		D39AAE382A18F25C003F9A85 /* Comment.swift */ = {isa = PBXFileReference; lastKnownFileType = sourcecode.swift; path = Comment.swift; sourceTree = "<group>"; };
		D39AAE3C2A18F29F003F9A85 /* Reply.swift */ = {isa = PBXFileReference; lastKnownFileType = sourcecode.swift; path = Reply.swift; sourceTree = "<group>"; };
		D39AAE402A18F746003F9A85 /* PostManagable.swift */ = {isa = PBXFileReference; lastKnownFileType = sourcecode.swift; path = PostManagable.swift; sourceTree = "<group>"; };
		D39AAE442A19F7D5003F9A85 /* PostManager.swift */ = {isa = PBXFileReference; lastKnownFileType = sourcecode.swift; path = PostManager.swift; sourceTree = "<group>"; };
		D3AA15062A209DE60091DC61 /* DateFormatter.swift */ = {isa = PBXFileReference; lastKnownFileType = sourcecode.swift; path = DateFormatter.swift; sourceTree = "<group>"; };
		D3AA15082A20AD040091DC61 /* Shape+Extensions.swift */ = {isa = PBXFileReference; lastKnownFileType = sourcecode.swift; path = "Shape+Extensions.swift"; sourceTree = "<group>"; };
		D3AA15132A21F46C0091DC61 /* String+Extensions.swift */ = {isa = PBXFileReference; lastKnownFileType = sourcecode.swift; path = "String+Extensions.swift"; sourceTree = "<group>"; };
		D3AA15172A2253D40091DC61 /* CommentView.swift */ = {isa = PBXFileReference; lastKnownFileType = sourcecode.swift; path = CommentView.swift; sourceTree = "<group>"; };
		D3AA15192A22600A0091DC61 /* ReplyView.swift */ = {isa = PBXFileReference; lastKnownFileType = sourcecode.swift; path = ReplyView.swift; sourceTree = "<group>"; };
		D3AA151B2A2369F90091DC61 /* PostDetailLowerView.swift */ = {isa = PBXFileReference; fileEncoding = 4; lastKnownFileType = sourcecode.swift; path = PostDetailLowerView.swift; sourceTree = "<group>"; };
		D3AA151D2A23B2740091DC61 /* Notification.swift */ = {isa = PBXFileReference; lastKnownFileType = sourcecode.swift; path = Notification.swift; sourceTree = "<group>"; };
		D3AA151F2A23B2D30091DC61 /* TextEditorView.swift */ = {isa = PBXFileReference; lastKnownFileType = sourcecode.swift; path = TextEditorView.swift; sourceTree = "<group>"; };
		D3BA03462A38D3B600C99DF9 /* FirebaseError.swift */ = {isa = PBXFileReference; lastKnownFileType = sourcecode.swift; path = FirebaseError.swift; sourceTree = "<group>"; };
		D3D310772A13D4D900085887 /* CommunityView.swift */ = {isa = PBXFileReference; lastKnownFileType = sourcecode.swift; path = CommunityView.swift; sourceTree = "<group>"; };
		D3D310792A13D4EE00085887 /* PostView.swift */ = {isa = PBXFileReference; lastKnownFileType = sourcecode.swift; path = PostView.swift; sourceTree = "<group>"; };
		D3E046722A2B23D200AF21BE /* ImagePickerView.swift */ = {isa = PBXFileReference; lastKnownFileType = sourcecode.swift; path = ImagePickerView.swift; sourceTree = "<group>"; };
		D3F8B5BB2A1F6D9000A4D440 /* AppColor.swift */ = {isa = PBXFileReference; lastKnownFileType = sourcecode.swift; path = AppColor.swift; sourceTree = "<group>"; };
		D3F8B5BF2A1FBD2C00A4D440 /* BackButton.swift */ = {isa = PBXFileReference; lastKnownFileType = sourcecode.swift; path = BackButton.swift; sourceTree = "<group>"; };
		D3F8B5C12A1FCED100A4D440 /* PostDetailUpperView.swift */ = {isa = PBXFileReference; lastKnownFileType = sourcecode.swift; path = PostDetailUpperView.swift; sourceTree = "<group>"; };
/* End PBXFileReference section */

/* Begin PBXFrameworksBuildPhase section */
		609D052A2A12AE3C0092A8E2 /* Frameworks */ = {
			isa = PBXFrameworksBuildPhase;
			buildActionMask = 2147483647;
			files = (
				D32363BD2A2C73D200857135 /* Kingfisher in Frameworks */,
				609D055E2A12B04B0092A8E2 /* FirebaseAnalyticsSwift in Frameworks */,
				609D05602A12B04B0092A8E2 /* FirebaseAuth in Frameworks */,
				6001EFF22A1391BF00A9A2EF /* GoogleSignIn in Frameworks */,
				6001EFF42A1391BF00A9A2EF /* GoogleSignInSwift in Frameworks */,
				609D056E2A12B04B0092A8E2 /* FirebaseStorageCombine-Community in Frameworks */,
				6093F74C2A381999004F9D53 /* FLAnimatedImage in Frameworks */,
				609D056C2A12B04B0092A8E2 /* FirebaseStorage in Frameworks */,
				609D05642A12B04B0092A8E2 /* FirebaseCrashlytics in Frameworks */,
				609D055C2A12B04B0092A8E2 /* FirebaseAnalytics in Frameworks */,
				609D05622A12B04B0092A8E2 /* FirebaseAuthCombine-Community in Frameworks */,
				609D05662A12B04B0092A8E2 /* FirebaseFirestore in Frameworks */,
				609D05682A12B04B0092A8E2 /* FirebaseFirestoreCombine-Community in Frameworks */,
				D3AA15122A21F3570091DC61 /* LoremSwiftum in Frameworks */,
				609D056A2A12B04B0092A8E2 /* FirebaseFirestoreSwift in Frameworks */,
			);
			runOnlyForDeploymentPostprocessing = 0;
		};
		609D053A2A12AE3D0092A8E2 /* Frameworks */ = {
			isa = PBXFrameworksBuildPhase;
			buildActionMask = 2147483647;
			files = (
			);
			runOnlyForDeploymentPostprocessing = 0;
		};
		609D05442A12AE3D0092A8E2 /* Frameworks */ = {
			isa = PBXFrameworksBuildPhase;
			buildActionMask = 2147483647;
			files = (
			);
			runOnlyForDeploymentPostprocessing = 0;
		};
/* End PBXFrameworksBuildPhase section */

/* Begin PBXGroup section */
		6001EFCE2A135FF200A9A2EF /* Views */ = {
			isa = PBXGroup;
			children = (
				D35939B92A41AD09007263E8 /* Components */,
				D35939B82A41AC97007263E8 /* Community */,
				60A8E0992A39CFDB0026DA04 /* CustomTabBar */,
				6001EFCF2A135FF900A9A2EF /* Login */,
				60558D042A14BA11007581AD /* MyPage */,
			);
			path = Views;
			sourceTree = "<group>";
		};
		6001EFCF2A135FF900A9A2EF /* Login */ = {
			isa = PBXGroup;
			children = (
				6093F7482A38190A004F9D53 /* welcome.gif */,
				6001EFD02A13600500A9A2EF /* LoginView.swift */,
				6001EFD62A13668B00A9A2EF /* SetNickNameView.swift */,
				6001EFD82A13669300A9A2EF /* SetProfileImageView.swift */,
				6001EFDA2A1366BE00A9A2EF /* SignUpCompletedView.swift */,
				6074FE332A27AC090020FBF2 /* PhotoPicker.swift */,
				6093F7462A381904004F9D53 /* GIFView.swift */,
			);
			path = Login;
			sourceTree = "<group>";
		};
		6001EFE52A1390DD00A9A2EF /* ViewModels */ = {
			isa = PBXGroup;
			children = (
				6001EFEB2A13911100A9A2EF /* Login */,
			);
			path = ViewModels;
			sourceTree = "<group>";
		};
		6001EFEB2A13911100A9A2EF /* Login */ = {
			isa = PBXGroup;
			children = (
				6001EFE72A13910B00A9A2EF /* LoginViewModel.swift */,
			);
			path = Login;
			sourceTree = "<group>";
		};
		601A6D512A1F70EF0066D5CD /* Extensions */ = {
			isa = PBXGroup;
			children = (
				D3AA15082A20AD040091DC61 /* Shape+Extensions.swift */,
				D3AA15132A21F46C0091DC61 /* String+Extensions.swift */,
				601A6D522A1F71160066D5CD /* Debounce+View+Extension.swift */,
				6074FE312A272E3E0020FBF2 /* View+Extensions.swift */,
				60A8E0A02A3AE1650026DA04 /* UIDevice+Extensions.swift */,
			);
			path = Extensions;
			sourceTree = "<group>";
		};
		601A6D582A1F95FC0066D5CD /* Resources */ = {
			isa = PBXGroup;
			children = (
				D39A57AD2A41A6920033DAD5 /* Assets.xcassets */,
			);
			path = Resources;
			sourceTree = "<group>";
		};
		60558D042A14BA11007581AD /* MyPage */ = {
			isa = PBXGroup;
			children = (
				60558D052A14BA2C007581AD /* MyPageView.swift */,
				60A8E0972A3909D30026DA04 /* EditProfileView.swift */,
			);
			path = MyPage;
			sourceTree = "<group>";
		};
		606782E82A14C52100BF1E12 /* App */ = {
			isa = PBXGroup;
			children = (
				60405D5B2A2EF5BB0053BEC9 /* LaunchScreen.swift */,
				D39A57AA2A41A67C0033DAD5 /* MainView.swift */,
				D39A57A92A41A67C0033DAD5 /* PoorGuysApp.swift */,
			);
			path = App;
			sourceTree = "<group>";
		};
		606782EE2A14D34B00BF1E12 /* Utilities */ = {
			isa = PBXGroup;
			children = (
				D35939BB2A41AD7C007263E8 /* Kingfisher */,
				D35939BA2A41AD2A007263E8 /* Formatters */,
				D35939B72A41AC84007263E8 /* Notification */,
				D35939B62A41AC2F007263E8 /* FirebaseControls */,
				601A6D512A1F70EF0066D5CD /* Extensions */,
				606782EF2A14D35500BF1E12 /* Constants */,
			);
			path = Utilities;
			sourceTree = "<group>";
		};
		606782EF2A14D35500BF1E12 /* Constants */ = {
			isa = PBXGroup;
			children = (
				D3F8B5BB2A1F6D9000A4D440 /* AppColor.swift */,
				601A6D562A1F74720066D5CD /* Constants.swift */,
				D37956BF2A41A16C00E7724F /* SecretConstants.swift */,
			);
			path = Constants;
			sourceTree = "<group>";
		};
		606782F42A14D4FA00BF1E12 /* Models */ = {
			isa = PBXGroup;
			children = (
				D39AAE342A18F17D003F9A85 /* Post.swift */,
				D39AAE382A18F25C003F9A85 /* Comment.swift */,
				D39AAE3C2A18F29F003F9A85 /* Reply.swift */,
				606782F52A14D50F00BF1E12 /* UserModel.swift */,
			);
			path = Models;
			sourceTree = "<group>";
		};
		609D05242A12AE3C0092A8E2 = {
			isa = PBXGroup;
			children = (
				609D052F2A12AE3C0092A8E2 /* PoorGuys */,
				609D05402A12AE3D0092A8E2 /* PoorGuysTests */,
				609D054A2A12AE3D0092A8E2 /* PoorGuysUITests */,
				609D052E2A12AE3C0092A8E2 /* Products */,
			);
			sourceTree = "<group>";
		};
		609D052E2A12AE3C0092A8E2 /* Products */ = {
			isa = PBXGroup;
			children = (
				609D052D2A12AE3C0092A8E2 /* PoorGuys.app */,
				609D053D2A12AE3D0092A8E2 /* PoorGuysTests.xctest */,
				609D05472A12AE3D0092A8E2 /* PoorGuysUITests.xctest */,
			);
			name = Products;
			sourceTree = "<group>";
		};
		609D052F2A12AE3C0092A8E2 /* PoorGuys */ = {
			isa = PBXGroup;
			children = (
				60E12A6E2A38510B008AFCEF /* GoogleService-Info.plist */,
				6001EFF52A1488E100A9A2EF /* Info.plist */,
				606782E82A14C52100BF1E12 /* App */,
				601A6D582A1F95FC0066D5CD /* Resources */,
				606782EE2A14D34B00BF1E12 /* Utilities */,
				606782F42A14D4FA00BF1E12 /* Models */,
				6001EFE52A1390DD00A9A2EF /* ViewModels */,
				6001EFCE2A135FF200A9A2EF /* Views */,
				609D05362A12AE3D0092A8E2 /* Preview Content */,
			);
			path = PoorGuys;
			sourceTree = "<group>";
		};
		609D05362A12AE3D0092A8E2 /* Preview Content */ = {
			isa = PBXGroup;
			children = (
				609D05372A12AE3D0092A8E2 /* Preview Assets.xcassets */,
			);
			path = "Preview Content";
			sourceTree = "<group>";
		};
		609D05402A12AE3D0092A8E2 /* PoorGuysTests */ = {
			isa = PBXGroup;
			children = (
				609D05412A12AE3D0092A8E2 /* PoorGuysTests.swift */,
			);
			path = PoorGuysTests;
			sourceTree = "<group>";
		};
		609D054A2A12AE3D0092A8E2 /* PoorGuysUITests */ = {
			isa = PBXGroup;
			children = (
				609D054B2A12AE3D0092A8E2 /* PoorGuysUITests.swift */,
				609D054D2A12AE3D0092A8E2 /* PoorGuysUITestsLaunchTests.swift */,
			);
			path = PoorGuysUITests;
			sourceTree = "<group>";
		};
		60A8E0992A39CFDB0026DA04 /* CustomTabBar */ = {
			isa = PBXGroup;
			children = (
				60A8E09E2A3AABAF0026DA04 /* TabBarView.swift */,
				60A8E09A2A39D0E00026DA04 /* CustomTabBarView.swift */,
				60A8E09C2A39DA5E0026DA04 /* CustomTabBarContainerView.swift */,
			);
			path = CustomTabBar;
			sourceTree = "<group>";
		};
		D35939B62A41AC2F007263E8 /* FirebaseControls */ = {
			isa = PBXGroup;
			children = (
				D39AAE402A18F746003F9A85 /* PostManagable.swift */,
				D39AAE442A19F7D5003F9A85 /* PostManager.swift */,
				D3BA03462A38D3B600C99DF9 /* FirebaseError.swift */,
			);
			path = FirebaseControls;
			sourceTree = "<group>";
		};
		D35939B72A41AC84007263E8 /* Notification */ = {
			isa = PBXGroup;
			children = (
				D3AA151D2A23B2740091DC61 /* Notification.swift */,
			);
			path = Notification;
			sourceTree = "<group>";
		};
		D35939B82A41AC97007263E8 /* Community */ = {
			isa = PBXGroup;
			children = (
				D3D310772A13D4D900085887 /* CommunityView.swift */,
				D3015FC02A24E06000F102D7 /* PostFillingView.swift */,
				D3015FC22A24EEAE00F102D7 /* PostFillingCenterView.swift */,
				D3D310792A13D4EE00085887 /* PostView.swift */,
				D34868B02A1E49ED0035FB2A /* PostDetailView.swift */,
				D3F8B5C12A1FCED100A4D440 /* PostDetailUpperView.swift */,
				D3AA151B2A2369F90091DC61 /* PostDetailLowerView.swift */,
				D3AA151F2A23B2D30091DC61 /* TextEditorView.swift */,
				D3AA15172A2253D40091DC61 /* CommentView.swift */,
				D3AA15192A22600A0091DC61 /* ReplyView.swift */,
			);
			path = Community;
			sourceTree = "<group>";
		};
		D35939B92A41AD09007263E8 /* Components */ = {
			isa = PBXGroup;
			children = (
				D3E046722A2B23D200AF21BE /* ImagePickerView.swift */,
				D3F8B5BF2A1FBD2C00A4D440 /* BackButton.swift */,
			);
			path = Components;
			sourceTree = "<group>";
		};
		D35939BA2A41AD2A007263E8 /* Formatters */ = {
			isa = PBXGroup;
			children = (
				D3AA15062A209DE60091DC61 /* DateFormatter.swift */,
			);
			path = Formatters;
			sourceTree = "<group>";
		};
		D35939BB2A41AD7C007263E8 /* Kingfisher */ = {
			isa = PBXGroup;
			children = (
				D32363BE2A2C758800857135 /* ImageDownloadManager.swift */,
			);
			path = Kingfisher;
			sourceTree = "<group>";
		};
/* End PBXGroup section */

/* Begin PBXNativeTarget section */
		609D052C2A12AE3C0092A8E2 /* PoorGuys */ = {
			isa = PBXNativeTarget;
			buildConfigurationList = 609D05512A12AE3D0092A8E2 /* Build configuration list for PBXNativeTarget "PoorGuys" */;
			buildPhases = (
				609D05292A12AE3C0092A8E2 /* Sources */,
				609D052A2A12AE3C0092A8E2 /* Frameworks */,
				609D052B2A12AE3C0092A8E2 /* Resources */,
				609D05712A12B0E80092A8E2 /* ShellScript */,
			);
			buildRules = (
			);
			dependencies = (
			);
			name = PoorGuys;
			packageProductDependencies = (
				609D055B2A12B04B0092A8E2 /* FirebaseAnalytics */,
				609D055D2A12B04B0092A8E2 /* FirebaseAnalyticsSwift */,
				609D055F2A12B04B0092A8E2 /* FirebaseAuth */,
				609D05612A12B04B0092A8E2 /* FirebaseAuthCombine-Community */,
				609D05632A12B04B0092A8E2 /* FirebaseCrashlytics */,
				609D05652A12B04B0092A8E2 /* FirebaseFirestore */,
				609D05672A12B04B0092A8E2 /* FirebaseFirestoreCombine-Community */,
				609D05692A12B04B0092A8E2 /* FirebaseFirestoreSwift */,
				609D056B2A12B04B0092A8E2 /* FirebaseStorage */,
				609D056D2A12B04B0092A8E2 /* FirebaseStorageCombine-Community */,
				D3AA15112A21F3570091DC61 /* LoremSwiftum */,
				D32363BC2A2C73D200857135 /* Kingfisher */,
				6001EFF12A1391BF00A9A2EF /* GoogleSignIn */,
				6001EFF32A1391BF00A9A2EF /* GoogleSignInSwift */,
				6093F74B2A381999004F9D53 /* FLAnimatedImage */,
			);
			productName = PoorGuys;
			productReference = 609D052D2A12AE3C0092A8E2 /* PoorGuys.app */;
			productType = "com.apple.product-type.application";
		};
		609D053C2A12AE3D0092A8E2 /* PoorGuysTests */ = {
			isa = PBXNativeTarget;
			buildConfigurationList = 609D05542A12AE3D0092A8E2 /* Build configuration list for PBXNativeTarget "PoorGuysTests" */;
			buildPhases = (
				609D05392A12AE3D0092A8E2 /* Sources */,
				609D053A2A12AE3D0092A8E2 /* Frameworks */,
				609D053B2A12AE3D0092A8E2 /* Resources */,
			);
			buildRules = (
			);
			dependencies = (
				609D053F2A12AE3D0092A8E2 /* PBXTargetDependency */,
			);
			name = PoorGuysTests;
			productName = PoorGuysTests;
			productReference = 609D053D2A12AE3D0092A8E2 /* PoorGuysTests.xctest */;
			productType = "com.apple.product-type.bundle.unit-test";
		};
		609D05462A12AE3D0092A8E2 /* PoorGuysUITests */ = {
			isa = PBXNativeTarget;
			buildConfigurationList = 609D05572A12AE3D0092A8E2 /* Build configuration list for PBXNativeTarget "PoorGuysUITests" */;
			buildPhases = (
				609D05432A12AE3D0092A8E2 /* Sources */,
				609D05442A12AE3D0092A8E2 /* Frameworks */,
				609D05452A12AE3D0092A8E2 /* Resources */,
			);
			buildRules = (
			);
			dependencies = (
				609D05492A12AE3D0092A8E2 /* PBXTargetDependency */,
			);
			name = PoorGuysUITests;
			productName = PoorGuysUITests;
			productReference = 609D05472A12AE3D0092A8E2 /* PoorGuysUITests.xctest */;
			productType = "com.apple.product-type.bundle.ui-testing";
		};
/* End PBXNativeTarget section */

/* Begin PBXProject section */
		609D05252A12AE3C0092A8E2 /* Project object */ = {
			isa = PBXProject;
			attributes = {
				BuildIndependentTargetsInParallel = 1;
				LastSwiftUpdateCheck = 1430;
				LastUpgradeCheck = 1430;
				TargetAttributes = {
					609D052C2A12AE3C0092A8E2 = {
						CreatedOnToolsVersion = 14.3;
					};
					609D053C2A12AE3D0092A8E2 = {
						CreatedOnToolsVersion = 14.3;
						TestTargetID = 609D052C2A12AE3C0092A8E2;
					};
					609D05462A12AE3D0092A8E2 = {
						CreatedOnToolsVersion = 14.3;
						TestTargetID = 609D052C2A12AE3C0092A8E2;
					};
				};
			};
			buildConfigurationList = 609D05282A12AE3C0092A8E2 /* Build configuration list for PBXProject "PoorGuys" */;
			compatibilityVersion = "Xcode 14.0";
			developmentRegion = en;
			hasScannedForEncodings = 0;
			knownRegions = (
				en,
				Base,
			);
			mainGroup = 609D05242A12AE3C0092A8E2;
			packageReferences = (
				609D055A2A12B04B0092A8E2 /* XCRemoteSwiftPackageReference "firebase-ios-sdk" */,
				D3AA15102A21F3570091DC61 /* XCRemoteSwiftPackageReference "LoremSwiftum" */,
				D32363BB2A2C73D200857135 /* XCRemoteSwiftPackageReference "Kingfisher" */,
				6001EFF02A1391BF00A9A2EF /* XCRemoteSwiftPackageReference "GoogleSignIn-iOS" */,
				6093F74A2A381999004F9D53 /* XCRemoteSwiftPackageReference "FLAnimatedImage" */,
			);
			productRefGroup = 609D052E2A12AE3C0092A8E2 /* Products */;
			projectDirPath = "";
			projectRoot = "";
			targets = (
				609D052C2A12AE3C0092A8E2 /* PoorGuys */,
				609D053C2A12AE3D0092A8E2 /* PoorGuysTests */,
				609D05462A12AE3D0092A8E2 /* PoorGuysUITests */,
			);
		};
/* End PBXProject section */

/* Begin PBXResourcesBuildPhase section */
		609D052B2A12AE3C0092A8E2 /* Resources */ = {
			isa = PBXResourcesBuildPhase;
			buildActionMask = 2147483647;
			files = (
				609D05382A12AE3D0092A8E2 /* Preview Assets.xcassets in Resources */,
				60E12A6F2A38510B008AFCEF /* GoogleService-Info.plist in Resources */,
				D39A57AE2A41A6920033DAD5 /* Assets.xcassets in Resources */,
				6093F7492A38190A004F9D53 /* welcome.gif in Resources */,
			);
			runOnlyForDeploymentPostprocessing = 0;
		};
		609D053B2A12AE3D0092A8E2 /* Resources */ = {
			isa = PBXResourcesBuildPhase;
			buildActionMask = 2147483647;
			files = (
			);
			runOnlyForDeploymentPostprocessing = 0;
		};
		609D05452A12AE3D0092A8E2 /* Resources */ = {
			isa = PBXResourcesBuildPhase;
			buildActionMask = 2147483647;
			files = (
			);
			runOnlyForDeploymentPostprocessing = 0;
		};
/* End PBXResourcesBuildPhase section */

/* Begin PBXShellScriptBuildPhase section */
		609D05712A12B0E80092A8E2 /* ShellScript */ = {
			isa = PBXShellScriptBuildPhase;
			buildActionMask = 2147483647;
			files = (
			);
			inputFileListPaths = (
			);
			inputPaths = (
				"${DWARF_DSYM_FOLDER_PATH}/${DWARF_DSYM_FILE_NAME}/Contents/Resources/DWARF/${TARGET_NAME}",
				"$(SRCROOT)/$(BUILT_PRODUCTS_DIR)/$(INFOPLIST_PATH)",
			);
			outputFileListPaths = (
			);
			outputPaths = (
			);
			runOnlyForDeploymentPostprocessing = 0;
			shellPath = /bin/sh;
			shellScript = "# Type a script or drag a script file from your workspace to insert its path.\n\"${BUILD_DIR%/Build/*}/SourcePackages/checkouts/firebase-ios-sdk/Crashlytics/run\"\n";
		};
/* End PBXShellScriptBuildPhase section */

/* Begin PBXSourcesBuildPhase section */
		609D05292A12AE3C0092A8E2 /* Sources */ = {
			isa = PBXSourcesBuildPhase;
			buildActionMask = 2147483647;
			files = (
				D3AA15182A2253D40091DC61 /* CommentView.swift in Sources */,
				D39AAE352A18F17D003F9A85 /* Post.swift in Sources */,
				D3015FC12A24E06000F102D7 /* PostFillingView.swift in Sources */,
				D34868B12A1E49ED0035FB2A /* PostDetailView.swift in Sources */,
				D3E046732A2B23D200AF21BE /* ImagePickerView.swift in Sources */,
				D39AAE392A18F25C003F9A85 /* Comment.swift in Sources */,
				D3AA15202A23B2D30091DC61 /* TextEditorView.swift in Sources */,
				D39AAE412A18F746003F9A85 /* PostManagable.swift in Sources */,
				D3D3107A2A13D4EE00085887 /* PostView.swift in Sources */,
				D3AA151C2A2369F90091DC61 /* PostDetailLowerView.swift in Sources */,
				D3D310782A13D4D900085887 /* CommunityView.swift in Sources */,
				D3BA03472A38D3B600C99DF9 /* FirebaseError.swift in Sources */,
				D3AA151A2A22600A0091DC61 /* ReplyView.swift in Sources */,
				D3F8B5C02A1FBD2C00A4D440 /* BackButton.swift in Sources */,
				D39AAE452A19F7D5003F9A85 /* PostManager.swift in Sources */,
				D3AA15142A21F46C0091DC61 /* String+Extensions.swift in Sources */,
				D3AA15092A20AD040091DC61 /* Shape+Extensions.swift in Sources */,
				D39A57AB2A41A67C0033DAD5 /* PoorGuysApp.swift in Sources */,
				D32363BF2A2C758800857135 /* ImageDownloadManager.swift in Sources */,
				D3AA15072A209DE60091DC61 /* DateFormatter.swift in Sources */,
				D3AA151E2A23B2740091DC61 /* Notification.swift in Sources */,
				D3F8B5C22A1FCED100A4D440 /* PostDetailUpperView.swift in Sources */,
				D37956C02A41A16C00E7724F /* SecretConstants.swift in Sources */,
				D3015FC32A24EEAE00F102D7 /* PostFillingCenterView.swift in Sources */,
				D3F8B5BC2A1F6D9000A4D440 /* AppColor.swift in Sources */,
				D39AAE3D2A18F29F003F9A85 /* Reply.swift in Sources */,
				6074FE342A27AC090020FBF2 /* PhotoPicker.swift in Sources */,
				60A8E0A12A3AE1650026DA04 /* UIDevice+Extensions.swift in Sources */,
				D39A57AC2A41A67C0033DAD5 /* MainView.swift in Sources */,
				60A8E0982A3909D30026DA04 /* EditProfileView.swift in Sources */,
				6001EFD12A13600500A9A2EF /* LoginView.swift in Sources */,
				60405D5C2A2EF5BB0053BEC9 /* LaunchScreen.swift in Sources */,
				6001EFD92A13669300A9A2EF /* SetProfileImageView.swift in Sources */,
				601A6D532A1F71160066D5CD /* Debounce+View+Extension.swift in Sources */,
				60A8E09D2A39DA5E0026DA04 /* CustomTabBarContainerView.swift in Sources */,
				6001EFD72A13668B00A9A2EF /* SetNickNameView.swift in Sources */,
				60558D062A14BA2C007581AD /* MyPageView.swift in Sources */,
				60A8E09F2A3AABAF0026DA04 /* TabBarView.swift in Sources */,
				60A8E09B2A39D0E00026DA04 /* CustomTabBarView.swift in Sources */,
				6001EFDB2A1366BE00A9A2EF /* SignUpCompletedView.swift in Sources */,
				6093F7472A381904004F9D53 /* GIFView.swift in Sources */,
				6001EFE82A13910B00A9A2EF /* LoginViewModel.swift in Sources */,
				6074FE322A272E3E0020FBF2 /* View+Extensions.swift in Sources */,
				606782F62A14D50F00BF1E12 /* UserModel.swift in Sources */,
				601A6D572A1F74720066D5CD /* Constants.swift in Sources */,
			);
			runOnlyForDeploymentPostprocessing = 0;
		};
		609D05392A12AE3D0092A8E2 /* Sources */ = {
			isa = PBXSourcesBuildPhase;
			buildActionMask = 2147483647;
			files = (
				6001EFE92A13910B00A9A2EF /* LoginViewModel.swift in Sources */,
				609D05422A12AE3D0092A8E2 /* PoorGuysTests.swift in Sources */,
				D3BA03482A38D3B600C99DF9 /* FirebaseError.swift in Sources */,
				D39AAE462A19F7D5003F9A85 /* PostManager.swift in Sources */,
				D39AAE3A2A18F25C003F9A85 /* Comment.swift in Sources */,
				D39AAE3E2A18F29F003F9A85 /* Reply.swift in Sources */,
				D34868B22A1E49ED0035FB2A /* PostDetailView.swift in Sources */,
				D39AAE362A18F17D003F9A85 /* Post.swift in Sources */,
				D39AAE422A18F746003F9A85 /* PostManagable.swift in Sources */,
				606782F72A14D50F00BF1E12 /* UserModel.swift in Sources */,
			);
			runOnlyForDeploymentPostprocessing = 0;
		};
		609D05432A12AE3D0092A8E2 /* Sources */ = {
			isa = PBXSourcesBuildPhase;
			buildActionMask = 2147483647;
			files = (
				D3BA03492A38D3B600C99DF9 /* FirebaseError.swift in Sources */,
				609D054E2A12AE3D0092A8E2 /* PoorGuysUITestsLaunchTests.swift in Sources */,
				D39AAE3F2A18F29F003F9A85 /* Reply.swift in Sources */,
				D39AAE472A19F7D5003F9A85 /* PostManager.swift in Sources */,
				D34868B32A1E49ED0035FB2A /* PostDetailView.swift in Sources */,
				D39AAE432A18F746003F9A85 /* PostManagable.swift in Sources */,
				D39AAE372A18F17D003F9A85 /* Post.swift in Sources */,
				609D054C2A12AE3D0092A8E2 /* PoorGuysUITests.swift in Sources */,
				D39AAE3B2A18F25C003F9A85 /* Comment.swift in Sources */,
				6001EFEA2A13910B00A9A2EF /* LoginViewModel.swift in Sources */,
				606782F82A14D50F00BF1E12 /* UserModel.swift in Sources */,
			);
			runOnlyForDeploymentPostprocessing = 0;
		};
/* End PBXSourcesBuildPhase section */

/* Begin PBXTargetDependency section */
		609D053F2A12AE3D0092A8E2 /* PBXTargetDependency */ = {
			isa = PBXTargetDependency;
			target = 609D052C2A12AE3C0092A8E2 /* PoorGuys */;
			targetProxy = 609D053E2A12AE3D0092A8E2 /* PBXContainerItemProxy */;
		};
		609D05492A12AE3D0092A8E2 /* PBXTargetDependency */ = {
			isa = PBXTargetDependency;
			target = 609D052C2A12AE3C0092A8E2 /* PoorGuys */;
			targetProxy = 609D05482A12AE3D0092A8E2 /* PBXContainerItemProxy */;
		};
/* End PBXTargetDependency section */

/* Begin XCBuildConfiguration section */
		609D054F2A12AE3D0092A8E2 /* Debug */ = {
			isa = XCBuildConfiguration;
			buildSettings = {
				ALWAYS_SEARCH_USER_PATHS = NO;
				CLANG_ANALYZER_NONNULL = YES;
				CLANG_ANALYZER_NUMBER_OBJECT_CONVERSION = YES_AGGRESSIVE;
				CLANG_CXX_LANGUAGE_STANDARD = "gnu++20";
				CLANG_ENABLE_MODULES = YES;
				CLANG_ENABLE_OBJC_ARC = YES;
				CLANG_ENABLE_OBJC_WEAK = YES;
				CLANG_WARN_BLOCK_CAPTURE_AUTORELEASING = YES;
				CLANG_WARN_BOOL_CONVERSION = YES;
				CLANG_WARN_COMMA = YES;
				CLANG_WARN_CONSTANT_CONVERSION = YES;
				CLANG_WARN_DEPRECATED_OBJC_IMPLEMENTATIONS = YES;
				CLANG_WARN_DIRECT_OBJC_ISA_USAGE = YES_ERROR;
				CLANG_WARN_DOCUMENTATION_COMMENTS = YES;
				CLANG_WARN_EMPTY_BODY = YES;
				CLANG_WARN_ENUM_CONVERSION = YES;
				CLANG_WARN_INFINITE_RECURSION = YES;
				CLANG_WARN_INT_CONVERSION = YES;
				CLANG_WARN_NON_LITERAL_NULL_CONVERSION = YES;
				CLANG_WARN_OBJC_IMPLICIT_RETAIN_SELF = YES;
				CLANG_WARN_OBJC_LITERAL_CONVERSION = YES;
				CLANG_WARN_OBJC_ROOT_CLASS = YES_ERROR;
				CLANG_WARN_QUOTED_INCLUDE_IN_FRAMEWORK_HEADER = YES;
				CLANG_WARN_RANGE_LOOP_ANALYSIS = YES;
				CLANG_WARN_STRICT_PROTOTYPES = YES;
				CLANG_WARN_SUSPICIOUS_MOVE = YES;
				CLANG_WARN_UNGUARDED_AVAILABILITY = YES_AGGRESSIVE;
				CLANG_WARN_UNREACHABLE_CODE = YES;
				CLANG_WARN__DUPLICATE_METHOD_MATCH = YES;
				COPY_PHASE_STRIP = NO;
				DEBUG_INFORMATION_FORMAT = dwarf;
				ENABLE_STRICT_OBJC_MSGSEND = YES;
				ENABLE_TESTABILITY = YES;
				GCC_C_LANGUAGE_STANDARD = gnu11;
				GCC_DYNAMIC_NO_PIC = NO;
				GCC_NO_COMMON_BLOCKS = YES;
				GCC_OPTIMIZATION_LEVEL = 0;
				GCC_PREPROCESSOR_DEFINITIONS = (
					"DEBUG=1",
					"$(inherited)",
				);
				GCC_WARN_64_TO_32_BIT_CONVERSION = YES;
				GCC_WARN_ABOUT_RETURN_TYPE = YES_ERROR;
				GCC_WARN_UNDECLARED_SELECTOR = YES;
				GCC_WARN_UNINITIALIZED_AUTOS = YES_AGGRESSIVE;
				GCC_WARN_UNUSED_FUNCTION = YES;
				GCC_WARN_UNUSED_VARIABLE = YES;
				IPHONEOS_DEPLOYMENT_TARGET = 16.4;
				MTL_ENABLE_DEBUG_INFO = INCLUDE_SOURCE;
				MTL_FAST_MATH = YES;
				ONLY_ACTIVE_ARCH = YES;
				SDKROOT = iphoneos;
				SWIFT_ACTIVE_COMPILATION_CONDITIONS = DEBUG;
				SWIFT_OPTIMIZATION_LEVEL = "-Onone";
			};
			name = Debug;
		};
		609D05502A12AE3D0092A8E2 /* Release */ = {
			isa = XCBuildConfiguration;
			buildSettings = {
				ALWAYS_SEARCH_USER_PATHS = NO;
				CLANG_ANALYZER_NONNULL = YES;
				CLANG_ANALYZER_NUMBER_OBJECT_CONVERSION = YES_AGGRESSIVE;
				CLANG_CXX_LANGUAGE_STANDARD = "gnu++20";
				CLANG_ENABLE_MODULES = YES;
				CLANG_ENABLE_OBJC_ARC = YES;
				CLANG_ENABLE_OBJC_WEAK = YES;
				CLANG_WARN_BLOCK_CAPTURE_AUTORELEASING = YES;
				CLANG_WARN_BOOL_CONVERSION = YES;
				CLANG_WARN_COMMA = YES;
				CLANG_WARN_CONSTANT_CONVERSION = YES;
				CLANG_WARN_DEPRECATED_OBJC_IMPLEMENTATIONS = YES;
				CLANG_WARN_DIRECT_OBJC_ISA_USAGE = YES_ERROR;
				CLANG_WARN_DOCUMENTATION_COMMENTS = YES;
				CLANG_WARN_EMPTY_BODY = YES;
				CLANG_WARN_ENUM_CONVERSION = YES;
				CLANG_WARN_INFINITE_RECURSION = YES;
				CLANG_WARN_INT_CONVERSION = YES;
				CLANG_WARN_NON_LITERAL_NULL_CONVERSION = YES;
				CLANG_WARN_OBJC_IMPLICIT_RETAIN_SELF = YES;
				CLANG_WARN_OBJC_LITERAL_CONVERSION = YES;
				CLANG_WARN_OBJC_ROOT_CLASS = YES_ERROR;
				CLANG_WARN_QUOTED_INCLUDE_IN_FRAMEWORK_HEADER = YES;
				CLANG_WARN_RANGE_LOOP_ANALYSIS = YES;
				CLANG_WARN_STRICT_PROTOTYPES = YES;
				CLANG_WARN_SUSPICIOUS_MOVE = YES;
				CLANG_WARN_UNGUARDED_AVAILABILITY = YES_AGGRESSIVE;
				CLANG_WARN_UNREACHABLE_CODE = YES;
				CLANG_WARN__DUPLICATE_METHOD_MATCH = YES;
				COPY_PHASE_STRIP = NO;
				DEBUG_INFORMATION_FORMAT = "dwarf-with-dsym";
				ENABLE_NS_ASSERTIONS = NO;
				ENABLE_STRICT_OBJC_MSGSEND = YES;
				GCC_C_LANGUAGE_STANDARD = gnu11;
				GCC_NO_COMMON_BLOCKS = YES;
				GCC_WARN_64_TO_32_BIT_CONVERSION = YES;
				GCC_WARN_ABOUT_RETURN_TYPE = YES_ERROR;
				GCC_WARN_UNDECLARED_SELECTOR = YES;
				GCC_WARN_UNINITIALIZED_AUTOS = YES_AGGRESSIVE;
				GCC_WARN_UNUSED_FUNCTION = YES;
				GCC_WARN_UNUSED_VARIABLE = YES;
				IPHONEOS_DEPLOYMENT_TARGET = 16.4;
				MTL_ENABLE_DEBUG_INFO = NO;
				MTL_FAST_MATH = YES;
				SDKROOT = iphoneos;
				SWIFT_COMPILATION_MODE = wholemodule;
				SWIFT_OPTIMIZATION_LEVEL = "-O";
				VALIDATE_PRODUCT = YES;
			};
			name = Release;
		};
		609D05522A12AE3D0092A8E2 /* Debug */ = {
			isa = XCBuildConfiguration;
			buildSettings = {
				ASSETCATALOG_COMPILER_APPICON_NAME = AppIcon;
				ASSETCATALOG_COMPILER_GLOBAL_ACCENT_COLOR_NAME = AccentColor;
				CODE_SIGN_STYLE = Automatic;
				CURRENT_PROJECT_VERSION = 1;
				DEBUG_INFORMATION_FORMAT = "dwarf-with-dsym";
				DEVELOPMENT_ASSET_PATHS = "\"PoorGuys/Preview Content\"";
				DEVELOPMENT_TEAM = MV89SHQKF4;
				ENABLE_PREVIEWS = YES;
				GENERATE_INFOPLIST_FILE = YES;
				INFOPLIST_FILE = PoorGuys/Info.plist;
				INFOPLIST_KEY_CFBundleDisplayName = "어푸어푸";
				INFOPLIST_KEY_UIApplicationSceneManifest_Generation = YES;
				INFOPLIST_KEY_UIApplicationSupportsIndirectInputEvents = YES;
				INFOPLIST_KEY_UILaunchScreen_Generation = YES;
				INFOPLIST_KEY_UISupportedInterfaceOrientations = UIInterfaceOrientationPortrait;
				INFOPLIST_KEY_UISupportedInterfaceOrientations_iPad = "UIInterfaceOrientationLandscapeLeft UIInterfaceOrientationLandscapeRight UIInterfaceOrientationPortrait UIInterfaceOrientationPortraitUpsideDown";
				IPHONEOS_DEPLOYMENT_TARGET = 15.0;
				LD_RUNPATH_SEARCH_PATHS = (
					"$(inherited)",
					"@executable_path/Frameworks",
				);
				MARKETING_VERSION = 1.0;
				PRODUCT_BUNDLE_IDENTIFIER = com.behealthy.PoorGuys;
				PRODUCT_NAME = "$(TARGET_NAME)";
				SUPPORTED_PLATFORMS = "iphoneos iphonesimulator";
				SUPPORTS_MACCATALYST = NO;
				SUPPORTS_MAC_DESIGNED_FOR_IPHONE_IPAD = NO;
				SWIFT_EMIT_LOC_STRINGS = YES;
				SWIFT_VERSION = 5.0;
				TARGETED_DEVICE_FAMILY = 1;
			};
			name = Debug;
		};
		609D05532A12AE3D0092A8E2 /* Release */ = {
			isa = XCBuildConfiguration;
			buildSettings = {
				ASSETCATALOG_COMPILER_APPICON_NAME = AppIcon;
				ASSETCATALOG_COMPILER_GLOBAL_ACCENT_COLOR_NAME = AccentColor;
				CODE_SIGN_STYLE = Automatic;
				CURRENT_PROJECT_VERSION = 1;
				DEBUG_INFORMATION_FORMAT = "dwarf-with-dsym";
				DEVELOPMENT_ASSET_PATHS = "\"PoorGuys/Preview Content\"";
				DEVELOPMENT_TEAM = MV89SHQKF4;
				ENABLE_PREVIEWS = YES;
				GENERATE_INFOPLIST_FILE = YES;
				INFOPLIST_FILE = PoorGuys/Info.plist;
				INFOPLIST_KEY_CFBundleDisplayName = "어푸어푸";
				INFOPLIST_KEY_UIApplicationSceneManifest_Generation = YES;
				INFOPLIST_KEY_UIApplicationSupportsIndirectInputEvents = YES;
				INFOPLIST_KEY_UILaunchScreen_Generation = YES;
				INFOPLIST_KEY_UISupportedInterfaceOrientations = UIInterfaceOrientationPortrait;
				INFOPLIST_KEY_UISupportedInterfaceOrientations_iPad = "UIInterfaceOrientationLandscapeLeft UIInterfaceOrientationLandscapeRight UIInterfaceOrientationPortrait UIInterfaceOrientationPortraitUpsideDown";
				IPHONEOS_DEPLOYMENT_TARGET = 15.0;
				LD_RUNPATH_SEARCH_PATHS = (
					"$(inherited)",
					"@executable_path/Frameworks",
				);
				MARKETING_VERSION = 1.0;
				PRODUCT_BUNDLE_IDENTIFIER = com.behealthy.PoorGuys;
				PRODUCT_NAME = "$(TARGET_NAME)";
				SUPPORTED_PLATFORMS = "iphoneos iphonesimulator";
				SUPPORTS_MACCATALYST = NO;
				SUPPORTS_MAC_DESIGNED_FOR_IPHONE_IPAD = NO;
				SWIFT_EMIT_LOC_STRINGS = YES;
				SWIFT_VERSION = 5.0;
				TARGETED_DEVICE_FAMILY = 1;
			};
			name = Release;
		};
		609D05552A12AE3D0092A8E2 /* Debug */ = {
			isa = XCBuildConfiguration;
			buildSettings = {
				ALWAYS_EMBED_SWIFT_STANDARD_LIBRARIES = YES;
				BUNDLE_LOADER = "$(TEST_HOST)";
				CODE_SIGN_STYLE = Automatic;
				CURRENT_PROJECT_VERSION = 1;
				DEVELOPMENT_TEAM = MV89SHQKF4;
				GENERATE_INFOPLIST_FILE = YES;
				IPHONEOS_DEPLOYMENT_TARGET = 16.4;
				MARKETING_VERSION = 1.0;
				PRODUCT_BUNDLE_IDENTIFIER = com.behealthy.PoorGuysTests;
				PRODUCT_NAME = "$(TARGET_NAME)";
				SWIFT_EMIT_LOC_STRINGS = NO;
				SWIFT_VERSION = 5.0;
				TARGETED_DEVICE_FAMILY = "1,2";
				TEST_HOST = "$(BUILT_PRODUCTS_DIR)/PoorGuys.app/$(BUNDLE_EXECUTABLE_FOLDER_PATH)/PoorGuys";
			};
			name = Debug;
		};
		609D05562A12AE3D0092A8E2 /* Release */ = {
			isa = XCBuildConfiguration;
			buildSettings = {
				ALWAYS_EMBED_SWIFT_STANDARD_LIBRARIES = YES;
				BUNDLE_LOADER = "$(TEST_HOST)";
				CODE_SIGN_STYLE = Automatic;
				CURRENT_PROJECT_VERSION = 1;
				DEVELOPMENT_TEAM = MV89SHQKF4;
				GENERATE_INFOPLIST_FILE = YES;
				IPHONEOS_DEPLOYMENT_TARGET = 16.4;
				MARKETING_VERSION = 1.0;
				PRODUCT_BUNDLE_IDENTIFIER = com.behealthy.PoorGuysTests;
				PRODUCT_NAME = "$(TARGET_NAME)";
				SWIFT_EMIT_LOC_STRINGS = NO;
				SWIFT_VERSION = 5.0;
				TARGETED_DEVICE_FAMILY = "1,2";
				TEST_HOST = "$(BUILT_PRODUCTS_DIR)/PoorGuys.app/$(BUNDLE_EXECUTABLE_FOLDER_PATH)/PoorGuys";
			};
			name = Release;
		};
		609D05582A12AE3D0092A8E2 /* Debug */ = {
			isa = XCBuildConfiguration;
			buildSettings = {
				ALWAYS_EMBED_SWIFT_STANDARD_LIBRARIES = YES;
				CODE_SIGN_STYLE = Automatic;
				CURRENT_PROJECT_VERSION = 1;
				DEVELOPMENT_TEAM = MV89SHQKF4;
				GENERATE_INFOPLIST_FILE = YES;
				MARKETING_VERSION = 1.0;
				PRODUCT_BUNDLE_IDENTIFIER = com.behealthy.PoorGuysUITests;
				PRODUCT_NAME = "$(TARGET_NAME)";
				SWIFT_EMIT_LOC_STRINGS = NO;
				SWIFT_VERSION = 5.0;
				TARGETED_DEVICE_FAMILY = "1,2";
				TEST_TARGET_NAME = PoorGuys;
			};
			name = Debug;
		};
		609D05592A12AE3D0092A8E2 /* Release */ = {
			isa = XCBuildConfiguration;
			buildSettings = {
				ALWAYS_EMBED_SWIFT_STANDARD_LIBRARIES = YES;
				CODE_SIGN_STYLE = Automatic;
				CURRENT_PROJECT_VERSION = 1;
				DEVELOPMENT_TEAM = MV89SHQKF4;
				GENERATE_INFOPLIST_FILE = YES;
				MARKETING_VERSION = 1.0;
				PRODUCT_BUNDLE_IDENTIFIER = com.behealthy.PoorGuysUITests;
				PRODUCT_NAME = "$(TARGET_NAME)";
				SWIFT_EMIT_LOC_STRINGS = NO;
				SWIFT_VERSION = 5.0;
				TARGETED_DEVICE_FAMILY = "1,2";
				TEST_TARGET_NAME = PoorGuys;
			};
			name = Release;
		};
/* End XCBuildConfiguration section */

/* Begin XCConfigurationList section */
		609D05282A12AE3C0092A8E2 /* Build configuration list for PBXProject "PoorGuys" */ = {
			isa = XCConfigurationList;
			buildConfigurations = (
				609D054F2A12AE3D0092A8E2 /* Debug */,
				609D05502A12AE3D0092A8E2 /* Release */,
			);
			defaultConfigurationIsVisible = 0;
			defaultConfigurationName = Release;
		};
		609D05512A12AE3D0092A8E2 /* Build configuration list for PBXNativeTarget "PoorGuys" */ = {
			isa = XCConfigurationList;
			buildConfigurations = (
				609D05522A12AE3D0092A8E2 /* Debug */,
				609D05532A12AE3D0092A8E2 /* Release */,
			);
			defaultConfigurationIsVisible = 0;
			defaultConfigurationName = Release;
		};
		609D05542A12AE3D0092A8E2 /* Build configuration list for PBXNativeTarget "PoorGuysTests" */ = {
			isa = XCConfigurationList;
			buildConfigurations = (
				609D05552A12AE3D0092A8E2 /* Debug */,
				609D05562A12AE3D0092A8E2 /* Release */,
			);
			defaultConfigurationIsVisible = 0;
			defaultConfigurationName = Release;
		};
		609D05572A12AE3D0092A8E2 /* Build configuration list for PBXNativeTarget "PoorGuysUITests" */ = {
			isa = XCConfigurationList;
			buildConfigurations = (
				609D05582A12AE3D0092A8E2 /* Debug */,
				609D05592A12AE3D0092A8E2 /* Release */,
			);
			defaultConfigurationIsVisible = 0;
			defaultConfigurationName = Release;
		};
/* End XCConfigurationList section */

/* Begin XCRemoteSwiftPackageReference section */
		6001EFF02A1391BF00A9A2EF /* XCRemoteSwiftPackageReference "GoogleSignIn-iOS" */ = {
			isa = XCRemoteSwiftPackageReference;
			repositoryURL = "https://github.com/google/GoogleSignIn-iOS";
			requirement = {
				kind = upToNextMajorVersion;
				minimumVersion = 7.0.0;
			};
		};
		6093F74A2A381999004F9D53 /* XCRemoteSwiftPackageReference "FLAnimatedImage" */ = {
			isa = XCRemoteSwiftPackageReference;
			repositoryURL = "https://github.com/Flipboard/FLAnimatedImage";
			requirement = {
				kind = upToNextMajorVersion;
				minimumVersion = 1.0.0;
			};
		};
		609D055A2A12B04B0092A8E2 /* XCRemoteSwiftPackageReference "firebase-ios-sdk" */ = {
			isa = XCRemoteSwiftPackageReference;
			repositoryURL = "https://github.com/firebase/firebase-ios-sdk";
			requirement = {
				kind = upToNextMajorVersion;
				minimumVersion = 10.0.0;
			};
		};
		D32363BB2A2C73D200857135 /* XCRemoteSwiftPackageReference "Kingfisher" */ = {
			isa = XCRemoteSwiftPackageReference;
			repositoryURL = "https://github.com/onevcat/Kingfisher.git";
			requirement = {
				kind = upToNextMajorVersion;
				minimumVersion = 7.0.0;
			};
		};
		D3AA15102A21F3570091DC61 /* XCRemoteSwiftPackageReference "LoremSwiftum" */ = {
			isa = XCRemoteSwiftPackageReference;
			repositoryURL = "https://github.com/lukaskubanek/LoremSwiftum";
			requirement = {
				branch = master;
				kind = branch;
			};
		};
/* End XCRemoteSwiftPackageReference section */

/* Begin XCSwiftPackageProductDependency section */
		6001EFF12A1391BF00A9A2EF /* GoogleSignIn */ = {
			isa = XCSwiftPackageProductDependency;
			package = 6001EFF02A1391BF00A9A2EF /* XCRemoteSwiftPackageReference "GoogleSignIn-iOS" */;
			productName = GoogleSignIn;
		};
		6001EFF32A1391BF00A9A2EF /* GoogleSignInSwift */ = {
			isa = XCSwiftPackageProductDependency;
			package = 6001EFF02A1391BF00A9A2EF /* XCRemoteSwiftPackageReference "GoogleSignIn-iOS" */;
			productName = GoogleSignInSwift;
		};
		6093F74B2A381999004F9D53 /* FLAnimatedImage */ = {
			isa = XCSwiftPackageProductDependency;
			package = 6093F74A2A381999004F9D53 /* XCRemoteSwiftPackageReference "FLAnimatedImage" */;
			productName = FLAnimatedImage;
		};
		609D055B2A12B04B0092A8E2 /* FirebaseAnalytics */ = {
			isa = XCSwiftPackageProductDependency;
			package = 609D055A2A12B04B0092A8E2 /* XCRemoteSwiftPackageReference "firebase-ios-sdk" */;
			productName = FirebaseAnalytics;
		};
		609D055D2A12B04B0092A8E2 /* FirebaseAnalyticsSwift */ = {
			isa = XCSwiftPackageProductDependency;
			package = 609D055A2A12B04B0092A8E2 /* XCRemoteSwiftPackageReference "firebase-ios-sdk" */;
			productName = FirebaseAnalyticsSwift;
		};
		609D055F2A12B04B0092A8E2 /* FirebaseAuth */ = {
			isa = XCSwiftPackageProductDependency;
			package = 609D055A2A12B04B0092A8E2 /* XCRemoteSwiftPackageReference "firebase-ios-sdk" */;
			productName = FirebaseAuth;
		};
		609D05612A12B04B0092A8E2 /* FirebaseAuthCombine-Community */ = {
			isa = XCSwiftPackageProductDependency;
			package = 609D055A2A12B04B0092A8E2 /* XCRemoteSwiftPackageReference "firebase-ios-sdk" */;
			productName = "FirebaseAuthCombine-Community";
		};
		609D05632A12B04B0092A8E2 /* FirebaseCrashlytics */ = {
			isa = XCSwiftPackageProductDependency;
			package = 609D055A2A12B04B0092A8E2 /* XCRemoteSwiftPackageReference "firebase-ios-sdk" */;
			productName = FirebaseCrashlytics;
		};
		609D05652A12B04B0092A8E2 /* FirebaseFirestore */ = {
			isa = XCSwiftPackageProductDependency;
			package = 609D055A2A12B04B0092A8E2 /* XCRemoteSwiftPackageReference "firebase-ios-sdk" */;
			productName = FirebaseFirestore;
		};
		609D05672A12B04B0092A8E2 /* FirebaseFirestoreCombine-Community */ = {
			isa = XCSwiftPackageProductDependency;
			package = 609D055A2A12B04B0092A8E2 /* XCRemoteSwiftPackageReference "firebase-ios-sdk" */;
			productName = "FirebaseFirestoreCombine-Community";
		};
		609D05692A12B04B0092A8E2 /* FirebaseFirestoreSwift */ = {
			isa = XCSwiftPackageProductDependency;
			package = 609D055A2A12B04B0092A8E2 /* XCRemoteSwiftPackageReference "firebase-ios-sdk" */;
			productName = FirebaseFirestoreSwift;
		};
		609D056B2A12B04B0092A8E2 /* FirebaseStorage */ = {
			isa = XCSwiftPackageProductDependency;
			package = 609D055A2A12B04B0092A8E2 /* XCRemoteSwiftPackageReference "firebase-ios-sdk" */;
			productName = FirebaseStorage;
		};
		609D056D2A12B04B0092A8E2 /* FirebaseStorageCombine-Community */ = {
			isa = XCSwiftPackageProductDependency;
			package = 609D055A2A12B04B0092A8E2 /* XCRemoteSwiftPackageReference "firebase-ios-sdk" */;
			productName = "FirebaseStorageCombine-Community";
		};
		D32363BC2A2C73D200857135 /* Kingfisher */ = {
			isa = XCSwiftPackageProductDependency;
			package = D32363BB2A2C73D200857135 /* XCRemoteSwiftPackageReference "Kingfisher" */;
			productName = Kingfisher;
		};
		D3AA15112A21F3570091DC61 /* LoremSwiftum */ = {
			isa = XCSwiftPackageProductDependency;
			package = D3AA15102A21F3570091DC61 /* XCRemoteSwiftPackageReference "LoremSwiftum" */;
			productName = LoremSwiftum;
		};
/* End XCSwiftPackageProductDependency section */
	};
	rootObject = 609D05252A12AE3C0092A8E2 /* Project object */;
}
